{
  "nodes": {
    "flake-utils": {
      "locked": {
        "lastModified": 1644229661,
        "narHash": "sha256-1YdnJAsNy69bpcjuoKdOYQX0YxZBiCYZo4Twxerqv7k=",
        "owner": "numtide",
        "repo": "flake-utils",
        "rev": "3cecb5b042f7f209c56ffd8371b2711a290ec797",
        "type": "github"
      },
      "original": {
        "owner": "numtide",
        "repo": "flake-utils",
        "type": "github"
      }
    },
    "nix-eval-jobs": {
      "inputs": {
        "flake-utils": "flake-utils",
        "nixpkgs": [
          "nixpkgs"
        ]
      },
      "locked": {
        "lastModified": 1650329966,
        "narHash": "sha256-kSr0AcRKp3cE5+QGVK258qd2zZtR7Ty8ysNX9EHFgA0=",
        "owner": "tomberek",
        "repo": "nix-eval-jobs",
        "rev": "adcde0193f1c4b58406d52222d265613b8b16432",
        "type": "github"
      },
      "original": {
        "owner": "tomberek",
        "repo": "nix-eval-jobs",
        "type": "github"
      }
    },
    "nixpkgs": {
      "locked": {
        "lastModified": 1650194139,
        "narHash": "sha256-kurZsqeOw5fpqA/Ig+8tHvbjwzs5P9AE6WUKOX1m6qM=",
        "owner": "NixOS",
        "repo": "nixpkgs",
        "rev": "bd4dffcdb7c577d74745bd1eff6230172bd176d5",
        "type": "github"
      },
      "original": {
        "owner": "NixOS",
        "ref": "nixpkgs-unstable",
        "repo": "nixpkgs",
        "type": "github"
      }
    },
    "root": {
      "inputs": {
        "nix-eval-jobs": "nix-eval-jobs",
        "nixpkgs": "nixpkgs"
      }
    }
  },
  "root": "root",
  "version": 7
}
